<?xml version="1.0" encoding="UTF-8" standalone="yes" ?>
<CodeBlocks_project_file>
	<FileVersion major="1" minor="6" />
	<Project>
		<Option title="Platformation" />
		<Option execution_dir="../codeblocks" />
		<Option pch_mode="2" />
		<Option compiler="gcc" />
		<MakeCommands>
			<Build command="$make -f $makefile" />
			<CompileFile command="$make -f $makefile $file" />
			<Clean command="$make -f $makefile clean" />
			<DistClean command="$make -f $makefile distclean$target" />
			<AskRebuildNeeded command="$make -q -f $makefile" />
			<SilentBuild command="$make -s -f $makefile " />
		</MakeCommands>
		<Build>
			<Target title="Debug">
				<Option output="platformation" prefix_auto="1" extension_auto="1" />
				<Option object_output="obj/Debug/" />
				<Option type="1" />
				<Option compiler="gcc" />
				<Compiler>
					<Add option="-g" />
				</Compiler>
				<ExtraCommands>
					<Add before="cmake .. -DCMAKE_BUILD_TYPE=Debug" />
				</ExtraCommands>
				<MakeCommands>
					<Build command="$make -f $makefile VERBOSE=1" />
					<CompileFile command="$make -f $makefile $file VERBOSE=1" />
					<Clean command="$make -f $makefile clean VERBOSE=1" />
					<DistClean command="$make -f $makefile distclean$target" />
					<AskRebuildNeeded command="$make -q -f $makefile" />
					<SilentBuild command="$make -s -f $makefile" />
				</MakeCommands>
			</Target>
			<Target title="Release">
				<Option output="platformation" prefix_auto="1" extension_auto="1" />
				<Option object_output="obj/Release/" />
				<Option type="1" />
				<Option compiler="gcc" />
				<Compiler>
					<Add option="-O2" />
				</Compiler>
				<Linker>
					<Add option="-s" />
				</Linker>
				<ExtraCommands>
					<Add before="cmake -DCMAKE_BUILD_TYPE=Release .." />
				</ExtraCommands>
			</Target>
		</Build>
		<Compiler>
			<Add option="-std=c++0x" />
			<Add option="-Wall" />
			<Add option="`pkg-config  --cflags gtkmm-2.4 libglademm-2.4 gtkglextmm-1.2 librlog`" />
		</Compiler>
		<Linker>
			<Add option="`pkg-config --libs gtkmm-2.4 libglademm-2.4 gtkglextmm-1.2 librlog`" />
			<Add library="boost_system" />
			<Add library="boost_filesystem" />
			<Add library="boost_signals" />
			<Add library="SOIL" />
			<Add library="tinyxml" />
		</Linker>
		<Unit filename="../src/action_manager.h" />
		<Unit filename="../src/actions/action.h" />
		<Unit filename="../src/actions/layer_rename_action.cpp" />
		<Unit filename="../src/actions/layer_rename_action.h" />
		<Unit filename="../src/actions/spawn_tile_instance_action.cpp" />
		<Unit filename="../src/actions/spawn_tile_instance_action.h" />
		<Unit filename="../src/editor_view.cpp" />
		<Unit filename="../src/editor_view.h" />
		<Unit filename="../src/geometry_element.cpp" />
		<Unit filename="../src/geometry_element.h" />
		<Unit filename="../src/import_export_plugin.h" />
		<Unit filename="../src/layer.cpp" />
		<Unit filename="../src/layer.h" />
		<Unit filename="../src/layer_manager.cpp" />
		<Unit filename="../src/layer_manager.h" />
		<Unit filename="../src/layer_rename_dialog.cpp" />
		<Unit filename="../src/layer_rename_dialog.h" />
		<Unit filename="../src/level.cpp" />
		<Unit filename="../src/level.h" />
		<Unit filename="../src/main.cpp" />
		<Unit filename="../src/main_window.cpp" />
		<Unit filename="../src/main_window.h" />
		<Unit filename="../src/natural_sort.cpp" />
		<Unit filename="../src/natural_sort.h" />
		<Unit filename="../src/new_level_dialog.cpp" />
		<Unit filename="../src/new_level_dialog.h" />
		<Unit filename="../src/object.h" />
		<Unit filename="../src/opengl_grid.cpp" />
		<Unit filename="../src/opengl_grid.h" />
		<Unit filename="../src/opengl_picker.h" />
		<Unit filename="../src/opengl_tile_editor.cpp" />
		<Unit filename="../src/opengl_tile_editor.h" />
		<Unit filename="../src/opengl_tile_selector.cpp" />
		<Unit filename="../src/opengl_tile_selector.h" />
		<Unit filename="../src/opengl_widget.cpp" />
		<Unit filename="../src/opengl_widget.h" />
		<Unit filename="../src/tile.cpp" />
		<Unit filename="../src/tile.h" />
		<Unit filename="../src/tile_instance.cpp" />
		<Unit filename="../src/tile_instance.h" />
		<Unit filename="../src/tileset.cpp" />
		<Unit filename="../src/tileset.h" />
		<Unit filename="../src/transparent_colour.h" />
		<Unit filename="../src/transparent_colour_detector.h" />
		<Extensions>
			<code_completion />
			<envvars />
			<debugger />
			<lib_finder disable_auto="1" />
			<DoxyBlocks>
				<comment_style block="0" line="0" />
				<doxyfile_project />
				<doxyfile_build />
				<doxyfile_warnings />
				<doxyfile_output />
				<doxyfile_dot />
				<general />
			</DoxyBlocks>
		</Extensions>
	</Project>
</CodeBlocks_project_file>
